PODS:
  - Flutter (1.0.0)
  - flutter_keyboard_visibility (0.7.0):
    - Flutter
  - google_maps_flutter (0.0.1):
    - Flutter
    - GoogleMaps
  - GoogleMaps (3.6.0):
    - GoogleMaps/Maps (= 3.6.0)
  - GoogleMaps/Base (3.6.0)
  - GoogleMaps/Maps (3.6.0):
    - GoogleMaps/Base
  - location (0.0.1):
    - Flutter

DEPENDENCIES:
  - Flutter (from `.symlinks/flutter/ios`)
  - flutter_keyboard_visibility (from `.symlinks/plugins/flutter_keyboard_visibility/ios`)
  - google_maps_flutter (from `.symlinks/plugins/google_maps_flutter/ios`)
  - location (from `.symlinks/plugins/location/ios`)

SPEC REPOS:
  trunk:
    - GoogleMaps

EXTERNAL SOURCES:
  Flutter:
    :path: ".symlinks/flutter/ios"
  flutter_keyboard_visibility:
    :path: ".symlinks/plugins/flutter_keyboard_visibility/ios"
  google_maps_flutter:
    :path: ".symlinks/plugins/google_maps_flutter/ios"
  location:
    :path: ".symlinks/plugins/location/ios"

SPEC CHECKSUMS:
  Flutter: 0e3d915762c693b495b44d77113d4970485de6ec
  flutter_keyboard_visibility: 6195387fb6d8f46e5cd6dda4a4154e41f800f545
  google_maps_flutter: d0dd62f5a7d39bae61057eb9f52dd778d99c7c6c
  GoogleMaps: 82f8fe307193bb4de6ef6bf9e88f1d624b718f9d
  location: 3a2eed4dd2fab25e7b7baf2a9efefe82b512d740

PODFILE CHECKSUM: 2c26e2bafa90f053205a9e99ab1fdce88251e293

COCOAPODS: 1.8.4
